Microsoft Visual Studio Solution File, Format Version 12.00
# Visual Studio 15
VisualStudioVersion = 15.0.26124.0
MinimumVisualStudioVersion = 15.0.26124.0
Project("{2150E333-8FDC-42A3-9474-1A3956D46DE8}") = "docker-pipeline", "docker-pipeline", "{83CDAC66-E507-4B5D-AE72-67F216C91688}"
EndProject
Project("{2150E333-8FDC-42A3-9474-1A3956D46DE8}") = "registry", "registry", "{30637217-73EB-4848-8A11-F39B8CD08B33}"
	ProjectSection(SolutionItems) = preProject
		infra\registry\docker-compose.yml = infra\registry\docker-compose.yml
	EndProjectSection
EndProject
Project("{2150E333-8FDC-42A3-9474-1A3956D46DE8}") = "teamcity", "teamcity", "{75F74D95-6FF6-4A49-8691-3A90103AAB18}"
	ProjectSection(SolutionItems) = preProject
		infra\teamcity\docker-compose.yml = infra\teamcity\docker-compose.yml
	EndProjectSection
EndProject
Project("{9A19103F-16F7-4668-BE54-9A1E7A4F7556}") = "intergration", "intergration\intergration.csproj", "{F5DCAFF1-B126-4832-9FA3-408C92130598}"
EndProject
Project("{2150E333-8FDC-42A3-9474-1A3956D46DE8}") = "Solution Items", "Solution Items", "{DBAC5847-D994-4171-B224-3D8F8C6E2EE1}"
	ProjectSection(SolutionItems) = preProject
		.dockerignore = .dockerignore
		docker-compose.override.yml = docker-compose.override.yml
		docker-compose.yml = docker-compose.yml
		Dockerfile = Dockerfile
	EndProjectSection
EndProject
Project("{9A19103F-16F7-4668-BE54-9A1E7A4F7556}") = "api", "api\api.csproj", "{0491A335-9FC1-4919-8562-4FC4DB60918D}"
EndProject
Project("{FAE04EC0-301F-11D3-BF4B-00C04F79EFBC}") = "unittests", "unittests\unittests.csproj", "{543A5574-0ACB-4277-887D-E381E0CB74B8}"
EndProject
Global
	GlobalSection(SolutionConfigurationPlatforms) = preSolution
		Debug|Any CPU = Debug|Any CPU
		Debug|x64 = Debug|x64
		Debug|x86 = Debug|x86
		Release|Any CPU = Release|Any CPU
		Release|x64 = Release|x64
		Release|x86 = Release|x86
	EndGlobalSection
	GlobalSection(ProjectConfigurationPlatforms) = postSolution
		{F5DCAFF1-B126-4832-9FA3-408C92130598}.Debug|Any CPU.ActiveCfg = Debug|Any CPU
		{F5DCAFF1-B126-4832-9FA3-408C92130598}.Debug|Any CPU.Build.0 = Debug|Any CPU
		{F5DCAFF1-B126-4832-9FA3-408C92130598}.Debug|x64.ActiveCfg = Debug|Any CPU
		{F5DCAFF1-B126-4832-9FA3-408C92130598}.Debug|x64.Build.0 = Debug|Any CPU
		{F5DCAFF1-B126-4832-9FA3-408C92130598}.Debug|x86.ActiveCfg = Debug|Any CPU
		{F5DCAFF1-B126-4832-9FA3-408C92130598}.Debug|x86.Build.0 = Debug|Any CPU
		{F5DCAFF1-B126-4832-9FA3-408C92130598}.Release|Any CPU.ActiveCfg = Release|Any CPU
		{F5DCAFF1-B126-4832-9FA3-408C92130598}.Release|Any CPU.Build.0 = Release|Any CPU
		{F5DCAFF1-B126-4832-9FA3-408C92130598}.Release|x64.ActiveCfg = Release|Any CPU
		{F5DCAFF1-B126-4832-9FA3-408C92130598}.Release|x64.Build.0 = Release|Any CPU
		{F5DCAFF1-B126-4832-9FA3-408C92130598}.Release|x86.ActiveCfg = Release|Any CPU
		{F5DCAFF1-B126-4832-9FA3-408C92130598}.Release|x86.Build.0 = Release|Any CPU
		{0491A335-9FC1-4919-8562-4FC4DB60918D}.Debug|Any CPU.ActiveCfg = Debug|Any CPU
		{0491A335-9FC1-4919-8562-4FC4DB60918D}.Debug|Any CPU.Build.0 = Debug|Any CPU
		{0491A335-9FC1-4919-8562-4FC4DB60918D}.Debug|x64.ActiveCfg = Debug|Any CPU
		{0491A335-9FC1-4919-8562-4FC4DB60918D}.Debug|x64.Build.0 = Debug|Any CPU
		{0491A335-9FC1-4919-8562-4FC4DB60918D}.Debug|x86.ActiveCfg = Debug|Any CPU
		{0491A335-9FC1-4919-8562-4FC4DB60918D}.Debug|x86.Build.0 = Debug|Any CPU
		{0491A335-9FC1-4919-8562-4FC4DB60918D}.Release|Any CPU.ActiveCfg = Release|Any CPU
		{0491A335-9FC1-4919-8562-4FC4DB60918D}.Release|Any CPU.Build.0 = Release|Any CPU
		{0491A335-9FC1-4919-8562-4FC4DB60918D}.Release|x64.ActiveCfg = Release|Any CPU
		{0491A335-9FC1-4919-8562-4FC4DB60918D}.Release|x64.Build.0 = Release|Any CPU
		{0491A335-9FC1-4919-8562-4FC4DB60918D}.Release|x86.ActiveCfg = Release|Any CPU
		{0491A335-9FC1-4919-8562-4FC4DB60918D}.Release|x86.Build.0 = Release|Any CPU
		{543A5574-0ACB-4277-887D-E381E0CB74B8}.Debug|Any CPU.ActiveCfg = Debug|Any CPU
		{543A5574-0ACB-4277-887D-E381E0CB74B8}.Debug|Any CPU.Build.0 = Debug|Any CPU
		{543A5574-0ACB-4277-887D-E381E0CB74B8}.Debug|x64.ActiveCfg = Debug|Any CPU
		{543A5574-0ACB-4277-887D-E381E0CB74B8}.Debug|x64.Build.0 = Debug|Any CPU
		{543A5574-0ACB-4277-887D-E381E0CB74B8}.Debug|x86.ActiveCfg = Debug|Any CPU
		{543A5574-0ACB-4277-887D-E381E0CB74B8}.Debug|x86.Build.0 = Debug|Any CPU
		{543A5574-0ACB-4277-887D-E381E0CB74B8}.Release|Any CPU.ActiveCfg = Release|Any CPU
		{543A5574-0ACB-4277-887D-E381E0CB74B8}.Release|Any CPU.Build.0 = Release|Any CPU
		{543A5574-0ACB-4277-887D-E381E0CB74B8}.Release|x64.ActiveCfg = Release|Any CPU
		{543A5574-0ACB-4277-887D-E381E0CB74B8}.Release|x64.Build.0 = Release|Any CPU
		{543A5574-0ACB-4277-887D-E381E0CB74B8}.Release|x86.ActiveCfg = Release|Any CPU
		{543A5574-0ACB-4277-887D-E381E0CB74B8}.Release|x86.Build.0 = Release|Any CPU
	EndGlobalSection
	GlobalSection(SolutionProperties) = preSolution
		HideSolutionNode = FALSE
	EndGlobalSection
	GlobalSection(NestedProjects) = preSolution
		{30637217-73EB-4848-8A11-F39B8CD08B33} = {83CDAC66-E507-4B5D-AE72-67F216C91688}
		{75F74D95-6FF6-4A49-8691-3A90103AAB18} = {83CDAC66-E507-4B5D-AE72-67F216C91688}
	EndGlobalSection
	GlobalSection(ExtensibilityGlobals) = postSolution
		SolutionGuid = {57F972A6-1A0C-4124-AEA4-FA50DF347E1B}
	EndGlobalSection
EndGlobal
